
Microsoft Visual Studio Solution File, Format Version 12.00
# Visual Studio Version 17
VisualStudioVersion = 17.6.33723.286
MinimumVisualStudioVersion = 10.0.40219.1
Project("{9A19103F-16F7-4668-BE54-9A1E7A4F7556}") = "SBSender", "SBSender\SBSender.csproj", "{63C2B9BE-FA1C-4BDD-B6E8-141140D86B26}"
EndProject
Project("{9A19103F-16F7-4668-BE54-9A1E7A4F7556}") = "SBReceiver", "SBReceiver\SBReceiver.csproj", "{3D1833D5-6FF9-488A-BA38-B8B5BBA3E289}"
EndProject
Project("{9A19103F-16F7-4668-BE54-9A1E7A4F7556}") = "SBShared", "SBShared\SBShared.csproj", "{04B9AA16-6644-438A-B871-0C0496587463}"
EndProject
Global
	GlobalSection(SolutionConfigurationPlatforms) = preSolution
		Debug|Any CPU = Debug|Any CPU
		Release|Any CPU = Release|Any CPU
	EndGlobalSection
	GlobalSection(ProjectConfigurationPlatforms) = postSolution
		{63C2B9BE-FA1C-4BDD-B6E8-141140D86B26}.Debug|Any CPU.ActiveCfg = Debug|Any CPU
		{63C2B9BE-FA1C-4BDD-B6E8-141140D86B26}.Debug|Any CPU.Build.0 = Debug|Any CPU
		{63C2B9BE-FA1C-4BDD-B6E8-141140D86B26}.Release|Any CPU.ActiveCfg = Release|Any CPU
		{63C2B9BE-FA1C-4BDD-B6E8-141140D86B26}.Release|Any CPU.Build.0 = Release|Any CPU
		{3D1833D5-6FF9-488A-BA38-B8B5BBA3E289}.Debug|Any CPU.ActiveCfg = Debug|Any CPU
		{3D1833D5-6FF9-488A-BA38-B8B5BBA3E289}.Debug|Any CPU.Build.0 = Debug|Any CPU
		{3D1833D5-6FF9-488A-BA38-B8B5BBA3E289}.Release|Any CPU.ActiveCfg = Release|Any CPU
		{3D1833D5-6FF9-488A-BA38-B8B5BBA3E289}.Release|Any CPU.Build.0 = Release|Any CPU
		{04B9AA16-6644-438A-B871-0C0496587463}.Debug|Any CPU.ActiveCfg = Debug|Any CPU
		{04B9AA16-6644-438A-B871-0C0496587463}.Debug|Any CPU.Build.0 = Debug|Any CPU
		{04B9AA16-6644-438A-B871-0C0496587463}.Release|Any CPU.ActiveCfg = Release|Any CPU
		{04B9AA16-6644-438A-B871-0C0496587463}.Release|Any CPU.Build.0 = Release|Any CPU
	EndGlobalSection
	GlobalSection(SolutionProperties) = preSolution
		HideSolutionNode = FALSE
	EndGlobalSection
	GlobalSection(ExtensibilityGlobals) = postSolution
		SolutionGuid = {DA01E5D7-FAAB-4466-8337-F41E65D5AD5C}
	EndGlobalSection
EndGlobal
